
Microsoft Visual Studio Solution File, Format Version 12.00
# Visual Studio 14
VisualStudioVersion = 14.0.23107.0
MinimumVisualStudioVersion = 10.0.40219.1
Project("{E24C65DC-7377-472B-9ABA-BC803B73C61A}") = "Anchorscroll", "C:\Users\Americo\Documents\Visual Studio 2015\WebSites\Anchorscroll\", "{35968BF2-1CD5-4817-AC72-B1ABEC40CD69}"
	ProjectSection(WebsiteProperties) = preProject
		TargetFrameworkMoniker = ".NETFramework,Version%3Dv4.5.2"
		Debug.AspNetCompiler.VirtualPath = "/localhost_56192"
		Debug.AspNetCompiler.PhysicalPath = "C:\Users\Americo\Documents\Visual Studio 2015\WebSites\Anchorscroll\"
		Debug.AspNetCompiler.TargetPath = "PrecompiledWeb\localhost_56192\"
		Debug.AspNetCompiler.Updateable = "true"
		Debug.AspNetCompiler.ForceOverwrite = "true"
		Debug.AspNetCompiler.FixedNames = "false"
		Debug.AspNetCompiler.Debug = "True"
		Release.AspNetCompiler.VirtualPath = "/localhost_56192"
		Release.AspNetCompiler.PhysicalPath = "C:\Users\Americo\Documents\Visual Studio 2015\WebSites\Anchorscroll\"
		Release.AspNetCompiler.TargetPath = "PrecompiledWeb\localhost_56192\"
		Release.AspNetCompiler.Updateable = "true"
		Release.AspNetCompiler.ForceOverwrite = "true"
		Release.AspNetCompiler.FixedNames = "false"
		Release.AspNetCompiler.Debug = "False"
		VWDPort = "56192"
		SlnRelativePath = "C:\Users\Americo\Documents\Visual Studio 2015\WebSites\Anchorscroll\"
		DefaultWebSiteLanguage = "Visual C#"
	EndProjectSection
EndProject
Global
	GlobalSection(SolutionConfigurationPlatforms) = preSolution
		Debug|Any CPU = Debug|Any CPU
	EndGlobalSection
	GlobalSection(ProjectConfigurationPlatforms) = postSolution
		{35968BF2-1CD5-4817-AC72-B1ABEC40CD69}.Debug|Any CPU.ActiveCfg = Debug|Any CPU
		{35968BF2-1CD5-4817-AC72-B1ABEC40CD69}.Debug|Any CPU.Build.0 = Debug|Any CPU
	EndGlobalSection
	GlobalSection(SolutionProperties) = preSolution
		HideSolutionNode = FALSE
	EndGlobalSection
EndGlobal
